
Microsoft Visual Studio Solution File, Format Version 12.00
# Visual Studio Version 17
VisualStudioVersion = 17.0.31903.59
MinimumVisualStudioVersion = 10.0.40219.1
Project("{FAE04EC0-301F-11D3-BF4B-00C04F79EFBC}") = "Domain", "Domain\Domain.csproj", "{99F484EF-2096-480D-935C-A66DE4AF6946}"
EndProject
Project("{FAE04EC0-301F-11D3-BF4B-00C04F79EFBC}") = "BuissnesLogic", "BuissnesLogic\BuissnesLogic.csproj", "{5DF87048-898E-4F28-89F5-BCB35DB79D8E}"
EndProject
Project("{FAE04EC0-301F-11D3-BF4B-00C04F79EFBC}") = "DataAccess", "DataAccess\DataAccess.csproj", "{49688976-EEF1-4296-B45F-1B53BD27567F}"
EndProject
Project("{FAE04EC0-301F-11D3-BF4B-00C04F79EFBC}") = "FrontEnd", "FrontEnd\FrontEnd.csproj", "{09F68565-CC78-47CC-BF5B-3E5541CAA395}"
EndProject
Project("{FAE04EC0-301F-11D3-BF4B-00C04F79EFBC}") = "BuissnessLogic.tests", "BuissnessLogic.tests\BuissnessLogic.tests.csproj", "{3912C7C6-BE76-4AC1-ADAA-F6C543484D9F}"
EndProject
Global
	GlobalSection(SolutionConfigurationPlatforms) = preSolution
		Debug|Any CPU = Debug|Any CPU
		Release|Any CPU = Release|Any CPU
	EndGlobalSection
	GlobalSection(SolutionProperties) = preSolution
		HideSolutionNode = FALSE
	EndGlobalSection
	GlobalSection(ProjectConfigurationPlatforms) = postSolution
		{99F484EF-2096-480D-935C-A66DE4AF6946}.Debug|Any CPU.ActiveCfg = Debug|Any CPU
		{99F484EF-2096-480D-935C-A66DE4AF6946}.Debug|Any CPU.Build.0 = Debug|Any CPU
		{99F484EF-2096-480D-935C-A66DE4AF6946}.Release|Any CPU.ActiveCfg = Release|Any CPU
		{99F484EF-2096-480D-935C-A66DE4AF6946}.Release|Any CPU.Build.0 = Release|Any CPU
		{5DF87048-898E-4F28-89F5-BCB35DB79D8E}.Debug|Any CPU.ActiveCfg = Debug|Any CPU
		{5DF87048-898E-4F28-89F5-BCB35DB79D8E}.Debug|Any CPU.Build.0 = Debug|Any CPU
		{5DF87048-898E-4F28-89F5-BCB35DB79D8E}.Release|Any CPU.ActiveCfg = Release|Any CPU
		{5DF87048-898E-4F28-89F5-BCB35DB79D8E}.Release|Any CPU.Build.0 = Release|Any CPU
		{49688976-EEF1-4296-B45F-1B53BD27567F}.Debug|Any CPU.ActiveCfg = Debug|Any CPU
		{49688976-EEF1-4296-B45F-1B53BD27567F}.Debug|Any CPU.Build.0 = Debug|Any CPU
		{49688976-EEF1-4296-B45F-1B53BD27567F}.Release|Any CPU.ActiveCfg = Release|Any CPU
		{49688976-EEF1-4296-B45F-1B53BD27567F}.Release|Any CPU.Build.0 = Release|Any CPU
		{09F68565-CC78-47CC-BF5B-3E5541CAA395}.Debug|Any CPU.ActiveCfg = Debug|Any CPU
		{09F68565-CC78-47CC-BF5B-3E5541CAA395}.Debug|Any CPU.Build.0 = Debug|Any CPU
		{09F68565-CC78-47CC-BF5B-3E5541CAA395}.Release|Any CPU.ActiveCfg = Release|Any CPU
		{09F68565-CC78-47CC-BF5B-3E5541CAA395}.Release|Any CPU.Build.0 = Release|Any CPU
		{3912C7C6-BE76-4AC1-ADAA-F6C543484D9F}.Debug|Any CPU.ActiveCfg = Debug|Any CPU
		{3912C7C6-BE76-4AC1-ADAA-F6C543484D9F}.Debug|Any CPU.Build.0 = Debug|Any CPU
		{3912C7C6-BE76-4AC1-ADAA-F6C543484D9F}.Release|Any CPU.ActiveCfg = Release|Any CPU
		{3912C7C6-BE76-4AC1-ADAA-F6C543484D9F}.Release|Any CPU.Build.0 = Release|Any CPU
	EndGlobalSection
EndGlobal
